{
  "name": "@weborigami/zip",
  "version": "0.0.2",
  "lockfileVersion": 3,
  "requires": true,
  "packages": {
    "": {
      "name": "@weborigami/zip",
      "version": "0.0.2",
      "dependencies": {
        "@weborigami/async-tree": "0.0.47",
        "@weborigami/language": "0.0.47",
        "adm-zip": "0.5.10"
      }
    },
    "node_modules/@peggyjs/from-mem": {
      "version": "1.2.1",
      "resolved": "https://registry.npmjs.org/@peggyjs/from-mem/-/from-mem-1.2.1.tgz",
      "integrity": "sha512-qh5zG8WKT36142/FqOYtpF0scRR3ZJ3H5XST1bJ/KV2FvyB5MvUB/tB9ZjihRe1iKjJD4PBOZczzwEx7hJtgMw==",
      "dependencies": {
        "semver": "7.6.0"
      },
      "engines": {
        "node": ">=18"
      }
    },
    "node_modules/@weborigami/async-tree": {
      "version": "0.0.47",
      "resolved": "https://registry.npmjs.org/@weborigami/async-tree/-/async-tree-0.0.47.tgz",
      "integrity": "sha512-OLpOp3l7D7UgcvcVpWO7okbU6NS79GI9enG5RJsgF+uhNH/YdEpFivami49QEsurduYsYOk9/A19s0lbivPFDw==",
      "dependencies": {
        "@weborigami/types": "0.0.47"
      }
    },
    "node_modules/@weborigami/language": {
      "version": "0.0.47",
      "resolved": "https://registry.npmjs.org/@weborigami/language/-/language-0.0.47.tgz",
      "integrity": "sha512-p/fyxtosPHAOTuNRmqzknRyXa3yrLUgx39eW/qSygfQ2LkWgLztAe3+8xoJ6osl1gx0bAwdIPSUJlxCG3/e40g==",
      "dependencies": {
        "@weborigami/async-tree": "0.0.47",
        "@weborigami/types": "0.0.47",
        "peggy": "4.0.2",
        "watcher": "2.3.0"
      }
    },
    "node_modules/@weborigami/types": {
      "version": "0.0.47",
      "resolved": "https://registry.npmjs.org/@weborigami/types/-/types-0.0.47.tgz",
      "integrity": "sha512-lmxAUgRzLmutQHTZyQGuCNQaRsgfcT88EBMqXND2oSPmCIl2u/zH5ch7HxxV6nMQjCwY0SfbYHpWvV0x2XECZA=="
    },
    "node_modules/adm-zip": {
      "version": "0.5.10",
      "resolved": "https://registry.npmjs.org/adm-zip/-/adm-zip-0.5.10.tgz",
      "integrity": "sha512-x0HvcHqVJNTPk/Bw8JbLWlWoo6Wwnsug0fnYYro1HBrjxZ3G7/AZk7Ahv8JwDe1uIcz8eBqvu86FuF1POiG7vQ==",
      "engines": {
        "node": ">=6.0"
      }
    },
    "node_modules/commander": {
      "version": "12.0.0",
      "resolved": "https://registry.npmjs.org/commander/-/commander-12.0.0.tgz",
      "integrity": "sha512-MwVNWlYjDTtOjX5PiD7o5pK0UrFU/OYgcJfjjK4RaHZETNtjJqrZa9Y9ds88+A+f+d5lv+561eZ+yCKoS3gbAA==",
      "engines": {
        "node": ">=18"
      }
    },
    "node_modules/dettle": {
      "version": "1.0.2",
      "resolved": "https://registry.npmjs.org/dettle/-/dettle-1.0.2.tgz",
      "integrity": "sha512-pIVcNUx2/R7P45l3wEUsyrZcfbVUCKBmctUN41syh2asCXmrRndJEiNng9+8socNOAEBiBRqsQCh3HhCkOFwwg=="
    },
    "node_modules/lru-cache": {
      "version": "6.0.0",
      "resolved": "https://registry.npmjs.org/lru-cache/-/lru-cache-6.0.0.tgz",
      "integrity": "sha512-Jo6dJ04CmSjuznwJSS3pUeWmd/H0ffTlkXXgwZi+eq1UCmqQwCh+eLsYOYCwY991i2Fah4h1BEMCx4qThGbsiA==",
      "dependencies": {
        "yallist": "^4.0.0"
      },
      "engines": {
        "node": ">=10"
      }
    },
    "node_modules/peggy": {
      "version": "4.0.2",
      "resolved": "https://registry.npmjs.org/peggy/-/peggy-4.0.2.tgz",
      "integrity": "sha512-j4cepPgB20V7honmTAI+7U022y/n/wVi7Rbbd2QrMl2nifFECpngvA6Zhrz/JdmZ5LIBoTdkgHcDzzaA6C4ABg==",
      "dependencies": {
        "@peggyjs/from-mem": "1.2.1",
        "commander": "^12.0.0",
        "source-map-generator": "0.8.0"
      },
      "bin": {
        "peggy": "bin/peggy.js"
      },
      "engines": {
        "node": ">=18"
      }
    },
    "node_modules/promise-make-naked": {
      "version": "2.1.2",
      "resolved": "https://registry.npmjs.org/promise-make-naked/-/promise-make-naked-2.1.2.tgz",
      "integrity": "sha512-y7s8ZuHIG56JYspB24be9GFkXA1zXL85Ur9u1DKrW/tvyUoPxWgBjnalK6Nc6l7wHBcAW0c3PO07+XOsWTRuhg=="
    },
    "node_modules/semver": {
      "version": "7.6.0",
      "resolved": "https://registry.npmjs.org/semver/-/semver-7.6.0.tgz",
      "integrity": "sha512-EnwXhrlwXMk9gKu5/flx5sv/an57AkRplG3hTK68W7FRDN+k+OWBj65M7719OkA82XLBxrcX0KSHj+X5COhOVg==",
      "dependencies": {
        "lru-cache": "^6.0.0"
      },
      "bin": {
        "semver": "bin/semver.js"
      },
      "engines": {
        "node": ">=10"
      }
    },
    "node_modules/source-map-generator": {
      "version": "0.8.0",
      "resolved": "https://registry.npmjs.org/source-map-generator/-/source-map-generator-0.8.0.tgz",
      "integrity": "sha512-psgxdGMwl5MZM9S3FWee4EgsEaIjahYV5AzGnwUvPhWeITz/j6rKpysQHlQ4USdxvINlb8lKfWGIXwfkrgtqkA==",
      "engines": {
        "node": ">= 10"
      }
    },
    "node_modules/stubborn-fs": {
      "version": "1.2.5",
      "resolved": "https://registry.npmjs.org/stubborn-fs/-/stubborn-fs-1.2.5.tgz",
      "integrity": "sha512-H2N9c26eXjzL/S/K+i/RHHcFanE74dptvvjM8iwzwbVcWY/zjBbgRqF3K0DY4+OD+uTTASTBvDoxPDaPN02D7g=="
    },
    "node_modules/tiny-readdir": {
      "version": "2.7.2",
      "resolved": "https://registry.npmjs.org/tiny-readdir/-/tiny-readdir-2.7.2.tgz",
      "integrity": "sha512-211Pbj4W3EVVIrIkABDPlEyLNzAz1Zb921qwmkKQvx7YR90ma3wuzojFx62nptlrAlI/ict1f++r9E/+9DcWnQ==",
      "dependencies": {
        "promise-make-naked": "^2.1.1"
      }
    },
    "node_modules/watcher": {
      "version": "2.3.0",
      "resolved": "https://registry.npmjs.org/watcher/-/watcher-2.3.0.tgz",
      "integrity": "sha512-6hVpT1OhmYTZhsgUND2o2gTL79TosB1rH8DWzDO7KBlyR9Yuxg/LXUGeHJqjjvwpnyHT7uUdDwWczprJuqae9Q==",
      "dependencies": {
        "dettle": "^1.0.1",
        "stubborn-fs": "^1.2.5",
        "tiny-readdir": "^2.2.0"
      }
    },
    "node_modules/yallist": {
      "version": "4.0.0",
      "resolved": "https://registry.npmjs.org/yallist/-/yallist-4.0.0.tgz",
      "integrity": "sha512-3wdGidZyq5PB084XLES5TpOSRA3wjXAlIWMhum2kRcv/41Sn2emQ0dycQW4uZXLejwKvg6EsvbdlVL+FYEct7A=="
    }
  }
}
