{
  "name": "@weborigami/handlebars",
  "version": "0.0.1",
  "lockfileVersion": 3,
  "requires": true,
  "packages": {
    "": {
      "name": "@weborigami/handlebars",
      "version": "0.0.1",
      "dependencies": {
        "@weborigami/async-tree": "0.0.58",
        "@weborigami/language": "0.0.58",
        "handlebars": "4.7.8"
      }
    },
    "node_modules/@weborigami/async-tree": {
      "version": "0.0.58",
      "resolved": "https://registry.npmjs.org/@weborigami/async-tree/-/async-tree-0.0.58.tgz",
      "integrity": "sha512-FYTwkZgyYZ4w9pgJ7Mt3ZKeFHtO/3Z/584R847V8zLxEqv1wqacBN1clmqXruuVebdawqubjLGI3yzjKDOQn6g==",
      "dependencies": {
        "@weborigami/types": "0.0.58"
      }
    },
    "node_modules/@weborigami/language": {
      "version": "0.0.58",
      "resolved": "https://registry.npmjs.org/@weborigami/language/-/language-0.0.58.tgz",
      "integrity": "sha512-MtlpB+5Z/QLKF+lOZKNJPcfagT1Hn9l3HRb4SHS8GFm7XpWwBdlg6CooT4vFdtW0niVtnoi8pQCB7on0pOfUgg==",
      "dependencies": {
        "@weborigami/async-tree": "0.0.58",
        "@weborigami/types": "0.0.58",
        "watcher": "2.3.1"
      }
    },
    "node_modules/@weborigami/types": {
      "version": "0.0.58",
      "resolved": "https://registry.npmjs.org/@weborigami/types/-/types-0.0.58.tgz",
      "integrity": "sha512-vvHlZhKLAPs4EvPXQnDEjGFwGFXcfihGPrisWIyUrbcQLe9yHg0uDwy8i4vYSpwkW/w/rGBh6e/IyaJvjHcBhg=="
    },
    "node_modules/dettle": {
      "version": "1.0.2",
      "resolved": "https://registry.npmjs.org/dettle/-/dettle-1.0.2.tgz",
      "integrity": "sha512-pIVcNUx2/R7P45l3wEUsyrZcfbVUCKBmctUN41syh2asCXmrRndJEiNng9+8socNOAEBiBRqsQCh3HhCkOFwwg=="
    },
    "node_modules/handlebars": {
      "version": "4.7.8",
      "resolved": "https://registry.npmjs.org/handlebars/-/handlebars-4.7.8.tgz",
      "integrity": "sha512-vafaFqs8MZkRrSX7sFVUdo3ap/eNiLnb4IakshzvP56X5Nr1iGKAIqdX6tMlm6HcNRIkr6AxO5jFEoJzzpT8aQ==",
      "dependencies": {
        "minimist": "^1.2.5",
        "neo-async": "^2.6.2",
        "source-map": "^0.6.1",
        "wordwrap": "^1.0.0"
      },
      "bin": {
        "handlebars": "bin/handlebars"
      },
      "engines": {
        "node": ">=0.4.7"
      },
      "optionalDependencies": {
        "uglify-js": "^3.1.4"
      }
    },
    "node_modules/minimist": {
      "version": "1.2.8",
      "resolved": "https://registry.npmjs.org/minimist/-/minimist-1.2.8.tgz",
      "integrity": "sha512-2yyAR8qBkN3YuheJanUpWC5U3bb5osDywNB8RzDVlDwDHbocAJveqqj1u8+SVD7jkWT4yvsHCpWqqWqAxb0zCA==",
      "funding": {
        "url": "https://github.com/sponsors/ljharb"
      }
    },
    "node_modules/neo-async": {
      "version": "2.6.2",
      "resolved": "https://registry.npmjs.org/neo-async/-/neo-async-2.6.2.tgz",
      "integrity": "sha512-Yd3UES5mWCSqR+qNT93S3UoYUkqAZ9lLg8a7g9rimsWmYGK8cVToA4/sF3RrshdyV3sAGMXVUmpMYOw+dLpOuw=="
    },
    "node_modules/promise-make-naked": {
      "version": "2.1.2",
      "resolved": "https://registry.npmjs.org/promise-make-naked/-/promise-make-naked-2.1.2.tgz",
      "integrity": "sha512-y7s8ZuHIG56JYspB24be9GFkXA1zXL85Ur9u1DKrW/tvyUoPxWgBjnalK6Nc6l7wHBcAW0c3PO07+XOsWTRuhg=="
    },
    "node_modules/source-map": {
      "version": "0.6.1",
      "resolved": "https://registry.npmjs.org/source-map/-/source-map-0.6.1.tgz",
      "integrity": "sha512-UjgapumWlbMhkBgzT7Ykc5YXUT46F0iKu8SGXq0bcwP5dz/h0Plj6enJqjz1Zbq2l5WaqYnrVbwWOWMyF3F47g==",
      "engines": {
        "node": ">=0.10.0"
      }
    },
    "node_modules/stubborn-fs": {
      "version": "1.2.5",
      "resolved": "https://registry.npmjs.org/stubborn-fs/-/stubborn-fs-1.2.5.tgz",
      "integrity": "sha512-H2N9c26eXjzL/S/K+i/RHHcFanE74dptvvjM8iwzwbVcWY/zjBbgRqF3K0DY4+OD+uTTASTBvDoxPDaPN02D7g=="
    },
    "node_modules/tiny-readdir": {
      "version": "2.7.2",
      "resolved": "https://registry.npmjs.org/tiny-readdir/-/tiny-readdir-2.7.2.tgz",
      "integrity": "sha512-211Pbj4W3EVVIrIkABDPlEyLNzAz1Zb921qwmkKQvx7YR90ma3wuzojFx62nptlrAlI/ict1f++r9E/+9DcWnQ==",
      "dependencies": {
        "promise-make-naked": "^2.1.1"
      }
    },
    "node_modules/uglify-js": {
      "version": "3.18.0",
      "resolved": "https://registry.npmjs.org/uglify-js/-/uglify-js-3.18.0.tgz",
      "integrity": "sha512-SyVVbcNBCk0dzr9XL/R/ySrmYf0s372K6/hFklzgcp2lBFyXtw4I7BOdDjlLhE1aVqaI/SHWXWmYdlZxuyF38A==",
      "optional": true,
      "bin": {
        "uglifyjs": "bin/uglifyjs"
      },
      "engines": {
        "node": ">=0.8.0"
      }
    },
    "node_modules/watcher": {
      "version": "2.3.1",
      "resolved": "https://registry.npmjs.org/watcher/-/watcher-2.3.1.tgz",
      "integrity": "sha512-d3yl+ey35h05r5EFP0TafE2jsmQUJ9cc2aernRVyAkZiu0J3+3TbNugNcqdUJDoWOfL2p+bNsN427stsBC/HnA==",
      "dependencies": {
        "dettle": "^1.0.2",
        "stubborn-fs": "^1.2.5",
        "tiny-readdir": "^2.7.2"
      }
    },
    "node_modules/wordwrap": {
      "version": "1.0.0",
      "resolved": "https://registry.npmjs.org/wordwrap/-/wordwrap-1.0.0.tgz",
      "integrity": "sha512-gvVzJFlPycKc5dZN4yPkP8w7Dc37BtP1yczEneOb4uq34pXZcvrtRTmWV8W+Ume+XCxKgbjM+nevkyFPMybd4Q=="
    }
  }
}
