{
  "name": "@weborigami/handlebars",
  "version": "0.0.2",
  "lockfileVersion": 3,
  "requires": true,
  "packages": {
    "": {
      "name": "@weborigami/handlebars",
      "version": "0.0.2",
      "dependencies": {
        "@weborigami/async-tree": "0.0.59",
        "@weborigami/language": "0.0.59",
        "handlebars": "4.7.8"
      }
    },
    "node_modules/@weborigami/async-tree": {
      "version": "0.0.59",
      "resolved": "https://registry.npmjs.org/@weborigami/async-tree/-/async-tree-0.0.59.tgz",
      "integrity": "sha512-jI1ISgLeZuG2c+2vSq5eE5GD94LtJDffSR+nxwnfNvQcbP97V8+RTMwrOm0OiO7wf5UwdPqjN5CyA20QFt9Yzg==",
      "dependencies": {
        "@weborigami/types": "0.0.59"
      }
    },
    "node_modules/@weborigami/language": {
      "version": "0.0.59",
      "resolved": "https://registry.npmjs.org/@weborigami/language/-/language-0.0.59.tgz",
      "integrity": "sha512-ApT3UaQrhLm7UaJmdFhUvbzCB6CmRnKu27TJoLzo8QY1MJU/kLlHtHfnawZB/9V9DoKA8dF9at1qbzQZz7hUOA==",
      "dependencies": {
        "@weborigami/async-tree": "0.0.59",
        "@weborigami/types": "0.0.59",
        "watcher": "2.3.1"
      }
    },
    "node_modules/@weborigami/types": {
      "version": "0.0.59",
      "resolved": "https://registry.npmjs.org/@weborigami/types/-/types-0.0.59.tgz",
      "integrity": "sha512-16BNsab8NCH4sxMniuwCqUbF3pAy9W1C4uXBLy5Gt9KGxYCoEWX/bZXWv4NsAqTIQ6dxWYSi6C1xQpDzxgywEw=="
    },
    "node_modules/dettle": {
      "version": "1.0.4",
      "resolved": "https://registry.npmjs.org/dettle/-/dettle-1.0.4.tgz",
      "integrity": "sha512-ktaWiLYYc/ajSa819+HxwABpqtk3dGIAmo5CbHvT3B6XyQSM7VNGDvCPNu94Ptc+Ti4tjTvAKRUCXU/lrVG4WQ=="
    },
    "node_modules/handlebars": {
      "version": "4.7.8",
      "resolved": "https://registry.npmjs.org/handlebars/-/handlebars-4.7.8.tgz",
      "integrity": "sha512-vafaFqs8MZkRrSX7sFVUdo3ap/eNiLnb4IakshzvP56X5Nr1iGKAIqdX6tMlm6HcNRIkr6AxO5jFEoJzzpT8aQ==",
      "dependencies": {
        "minimist": "^1.2.5",
        "neo-async": "^2.6.2",
        "source-map": "^0.6.1",
        "wordwrap": "^1.0.0"
      },
      "bin": {
        "handlebars": "bin/handlebars"
      },
      "engines": {
        "node": ">=0.4.7"
      },
      "optionalDependencies": {
        "uglify-js": "^3.1.4"
      }
    },
    "node_modules/minimist": {
      "version": "1.2.8",
      "resolved": "https://registry.npmjs.org/minimist/-/minimist-1.2.8.tgz",
      "integrity": "sha512-2yyAR8qBkN3YuheJanUpWC5U3bb5osDywNB8RzDVlDwDHbocAJveqqj1u8+SVD7jkWT4yvsHCpWqqWqAxb0zCA==",
      "funding": {
        "url": "https://github.com/sponsors/ljharb"
      }
    },
    "node_modules/neo-async": {
      "version": "2.6.2",
      "resolved": "https://registry.npmjs.org/neo-async/-/neo-async-2.6.2.tgz",
      "integrity": "sha512-Yd3UES5mWCSqR+qNT93S3UoYUkqAZ9lLg8a7g9rimsWmYGK8cVToA4/sF3RrshdyV3sAGMXVUmpMYOw+dLpOuw=="
    },
    "node_modules/promise-make-counter": {
      "version": "1.0.1",
      "resolved": "https://registry.npmjs.org/promise-make-counter/-/promise-make-counter-1.0.1.tgz",
      "integrity": "sha512-R1JGFIgSJDpNV/JXxytAx6K79noEpcBiZXWDa3ic9WEMpBZbUdVVQjlA266SCicJ9CGqd70iGbbzbjRKbGU1Jg==",
      "dependencies": {
        "promise-make-naked": "^3.0.0"
      }
    },
    "node_modules/promise-make-naked": {
      "version": "3.0.0",
      "resolved": "https://registry.npmjs.org/promise-make-naked/-/promise-make-naked-3.0.0.tgz",
      "integrity": "sha512-h71wwAMB2udFnlPmcxQMqKl6CckNLVKdk/ROtFivE6/VmW+rQKV0DWlGJ6VphRIoq22Tkonvdi3F+jlm5XDlow=="
    },
    "node_modules/source-map": {
      "version": "0.6.1",
      "resolved": "https://registry.npmjs.org/source-map/-/source-map-0.6.1.tgz",
      "integrity": "sha512-UjgapumWlbMhkBgzT7Ykc5YXUT46F0iKu8SGXq0bcwP5dz/h0Plj6enJqjz1Zbq2l5WaqYnrVbwWOWMyF3F47g==",
      "engines": {
        "node": ">=0.10.0"
      }
    },
    "node_modules/stubborn-fs": {
      "version": "1.2.5",
      "resolved": "https://registry.npmjs.org/stubborn-fs/-/stubborn-fs-1.2.5.tgz",
      "integrity": "sha512-H2N9c26eXjzL/S/K+i/RHHcFanE74dptvvjM8iwzwbVcWY/zjBbgRqF3K0DY4+OD+uTTASTBvDoxPDaPN02D7g=="
    },
    "node_modules/tiny-readdir": {
      "version": "2.7.3",
      "resolved": "https://registry.npmjs.org/tiny-readdir/-/tiny-readdir-2.7.3.tgz",
      "integrity": "sha512-ae1CPk7/MRhdaSIfjytuCoCjcykCNfSH36MsD2Qq8A27apaVUV0nthOcCEjiBTTloBObq2ffvm0BycUayMWh3A==",
      "dependencies": {
        "promise-make-counter": "^1.0.1"
      }
    },
    "node_modules/uglify-js": {
      "version": "3.18.0",
      "resolved": "https://registry.npmjs.org/uglify-js/-/uglify-js-3.18.0.tgz",
      "integrity": "sha512-SyVVbcNBCk0dzr9XL/R/ySrmYf0s372K6/hFklzgcp2lBFyXtw4I7BOdDjlLhE1aVqaI/SHWXWmYdlZxuyF38A==",
      "optional": true,
      "bin": {
        "uglifyjs": "bin/uglifyjs"
      },
      "engines": {
        "node": ">=0.8.0"
      }
    },
    "node_modules/watcher": {
      "version": "2.3.1",
      "resolved": "https://registry.npmjs.org/watcher/-/watcher-2.3.1.tgz",
      "integrity": "sha512-d3yl+ey35h05r5EFP0TafE2jsmQUJ9cc2aernRVyAkZiu0J3+3TbNugNcqdUJDoWOfL2p+bNsN427stsBC/HnA==",
      "dependencies": {
        "dettle": "^1.0.2",
        "stubborn-fs": "^1.2.5",
        "tiny-readdir": "^2.7.2"
      }
    },
    "node_modules/wordwrap": {
      "version": "1.0.0",
      "resolved": "https://registry.npmjs.org/wordwrap/-/wordwrap-1.0.0.tgz",
      "integrity": "sha512-gvVzJFlPycKc5dZN4yPkP8w7Dc37BtP1yczEneOb4uq34pXZcvrtRTmWV8W+Ume+XCxKgbjM+nevkyFPMybd4Q=="
    }
  }
}
