{
  "name": "@weborigami/exif",
  "version": "0.0.1",
  "lockfileVersion": 3,
  "requires": true,
  "packages": {
    "": {
      "name": "@weborigami/exif",
      "version": "0.0.1",
      "dependencies": {
        "@weborigami/async-tree": "0.0.42",
        "exif-parser": "0.1.12"
      }
    },
    "node_modules/@weborigami/async-tree": {
      "version": "0.0.42",
      "resolved": "https://registry.npmjs.org/@weborigami/async-tree/-/async-tree-0.0.42.tgz",
      "integrity": "sha512-E0RULtjEB6RvvGSPQj0hDW3L8pBVqWIyBOOGzlStdb+8tldCqTQ6/wThKqcEzQt/oD9Dw/2RoKsx+nWiPkFGVA==",
      "dependencies": {
        "@weborigami/types": "0.0.42"
      }
    },
    "node_modules/@weborigami/types": {
      "version": "0.0.42",
      "resolved": "https://registry.npmjs.org/@weborigami/types/-/types-0.0.42.tgz",
      "integrity": "sha512-JbAfNQzQUr1KYNwveICvy0Xjufyrc/Q+U+DJD7NPAaRWrIXa+DXauI5BHUOKPsNj2Z+w1SHFNOGZtn9qpIJkww=="
    },
    "node_modules/exif-parser": {
      "version": "0.1.12",
      "resolved": "https://registry.npmjs.org/exif-parser/-/exif-parser-0.1.12.tgz",
      "integrity": "sha512-c2bQfLNbMzLPmzQuOr8fy0csy84WmwnER81W88DzTp9CYNPJ6yzOj2EZAh9pywYpqHnshVLHQJ8WzldAyfY+Iw=="
    }
  }
}
