{
  "name": "@weborigami/netlify-deploy",
  "version": "0.0.17",
  "lockfileVersion": 3,
  "requires": true,
  "packages": {
    "": {
      "name": "@weborigami/netlify-deploy",
      "version": "0.0.17",
      "dependencies": {
        "@weborigami/async-tree": "0.6.15"
      }
    },
    "node_modules/@weborigami/async-tree": {
      "version": "0.6.15",
      "resolved": "https://registry.npmjs.org/@weborigami/async-tree/-/async-tree-0.6.15.tgz",
      "integrity": "sha512-tghCZfyNeEWUrNPmpeXm+4/ejoFgp7E+7xKwi8ZDWmsbvwLVc75l9H2xd17eLmJbw9H4hHIa/fmV9oDsRJO5eg=="
    }
  }
}
