{
  "name": "@weborigami/netlify-deploy",
  "version": "0.0.16",
  "lockfileVersion": 3,
  "requires": true,
  "packages": {
    "": {
      "name": "@weborigami/netlify-deploy",
      "version": "0.0.16",
      "dependencies": {
        "@weborigami/async-tree": "0.6.11"
      }
    },
    "node_modules/@weborigami/async-tree": {
      "version": "0.6.11",
      "resolved": "https://registry.npmjs.org/@weborigami/async-tree/-/async-tree-0.6.11.tgz",
      "integrity": "sha512-iRocQlSpp6lmr2o9uOdt8UxdLqsSoM/AL8KYbomykaIdBFK7Td/1Ed89E8fWS2eTvR3pjMEdJj7wVV1F1EdEPw=="
    }
  }
}
