{
  "name": "@weborigami/netlify-upload",
  "version": "0.0.16",
  "lockfileVersion": 3,
  "requires": true,
  "packages": {
    "": {
      "name": "@weborigami/netlify-upload",
      "version": "0.0.16",
      "dependencies": {
        "@weborigami/async-tree": "0.6.9"
      }
    },
    "node_modules/@weborigami/async-tree": {
      "version": "0.6.9",
      "resolved": "https://registry.npmjs.org/@weborigami/async-tree/-/async-tree-0.6.9.tgz",
      "integrity": "sha512-6gQtM+Qe9cwajLJGPd7dpjXYizIJhrU9sQs/3ww3SS0ss0gX3VgeRrmC3JYrsHx5+DbaFAZhaqits/3v6jL4UA=="
    }
  }
}
