{
  "name": "@weborigami/ts",
  "version": "0.0.1",
  "lockfileVersion": 3,
  "requires": true,
  "packages": {
    "": {
      "name": "@weborigami/ts",
      "version": "0.0.1",
      "dependencies": {
        "@weborigami/async-tree": "0.0.62",
        "typescript": "5.4.2"
      },
      "devDependencies": {
        "@types/node": "22.0.2"
      }
    },
    "node_modules/@types/node": {
      "version": "22.0.2",
      "resolved": "https://registry.npmjs.org/@types/node/-/node-22.0.2.tgz",
      "integrity": "sha512-yPL6DyFwY5PiMVEwymNeqUTKsDczQBJ/5T7W/46RwLU/VH+AA8aT5TZkvBviLKLbbm0hlfftEkGrNzfRk/fofQ==",
      "dev": true,
      "dependencies": {
        "undici-types": "~6.11.1"
      }
    },
    "node_modules/@weborigami/async-tree": {
      "version": "0.0.62",
      "resolved": "https://registry.npmjs.org/@weborigami/async-tree/-/async-tree-0.0.62.tgz",
      "integrity": "sha512-GxOHGXMfPhkRAddBqat1vpo8jxBYX143EHzlIgArKWs1kCXhQ7equUQ3YTFrMvJJ5R+OcsT4gG1A2OETXXF/0Q==",
      "dependencies": {
        "@weborigami/types": "0.0.62"
      }
    },
    "node_modules/@weborigami/types": {
      "version": "0.0.62",
      "resolved": "https://registry.npmjs.org/@weborigami/types/-/types-0.0.62.tgz",
      "integrity": "sha512-zNR4mgFa6jkc10iYKpEMea7FBduT8dXyAmCQIUHnFCp06ZtgLqe5qLQzuidKgL4oRRaQurkYK3lA2gEi9xtfBA=="
    },
    "node_modules/typescript": {
      "version": "5.4.2",
      "resolved": "https://registry.npmjs.org/typescript/-/typescript-5.4.2.tgz",
      "integrity": "sha512-+2/g0Fds1ERlP6JsakQQDXjZdZMM+rqpamFZJEKh4kwTIn3iDkgKtby0CeNd5ATNZ4Ry1ax15TMx0W2V+miizQ==",
      "bin": {
        "tsc": "bin/tsc",
        "tsserver": "bin/tsserver"
      },
      "engines": {
        "node": ">=14.17"
      }
    },
    "node_modules/undici-types": {
      "version": "6.11.1",
      "resolved": "https://registry.npmjs.org/undici-types/-/undici-types-6.11.1.tgz",
      "integrity": "sha512-mIDEX2ek50x0OlRgxryxsenE5XaQD4on5U2inY7RApK3SOJpofyw7uW2AyfMKkhAxXIceo2DeWGVGwyvng1GNQ==",
      "dev": true
    }
  }
}
