{
  "name": "@weborigami/ts",
  "version": "0.0.3",
  "lockfileVersion": 3,
  "requires": true,
  "packages": {
    "": {
      "name": "@weborigami/ts",
      "version": "0.0.3",
      "dependencies": {
        "@weborigami/async-tree": "0.0.63",
        "typescript": "5.5.4"
      },
      "devDependencies": {
        "@types/node": "22.5.1"
      }
    },
    "node_modules/@types/node": {
      "version": "22.5.1",
      "resolved": "https://registry.npmjs.org/@types/node/-/node-22.5.1.tgz",
      "integrity": "sha512-KkHsxej0j9IW1KKOOAA/XBA0z08UFSrRQHErzEfA3Vgq57eXIMYboIlHJuYIfd+lwCQjtKqUu3UnmKbtUc9yRw==",
      "dev": true,
      "dependencies": {
        "undici-types": "~6.19.2"
      }
    },
    "node_modules/@weborigami/async-tree": {
      "version": "0.0.63",
      "resolved": "https://registry.npmjs.org/@weborigami/async-tree/-/async-tree-0.0.63.tgz",
      "integrity": "sha512-u+wBDtOARIcJZUUbQlueT2Xk4uFGzwI10ytZS1ow8axvZXoe6ZkbNvWXsy4qOtrwPzkZnfrqHdkGLfkIC7zFsw==",
      "dependencies": {
        "@weborigami/types": "0.0.63"
      }
    },
    "node_modules/@weborigami/types": {
      "version": "0.0.63",
      "resolved": "https://registry.npmjs.org/@weborigami/types/-/types-0.0.63.tgz",
      "integrity": "sha512-41+DpXn9QGxgwZmGiEYLgjCBNYNIKr2/9Pso/1udwVpDxitBkWv53IMGnQWvEcWXDjUz4iyTEp4vny9C6H/5wg=="
    },
    "node_modules/typescript": {
      "version": "5.5.4",
      "resolved": "https://registry.npmjs.org/typescript/-/typescript-5.5.4.tgz",
      "integrity": "sha512-Mtq29sKDAEYP7aljRgtPOpTvOfbwRWlS6dPRzwjdE+C0R4brX/GUyhHSecbHMFLNBLcJIPt9nl9yG5TZ1weH+Q==",
      "bin": {
        "tsc": "bin/tsc",
        "tsserver": "bin/tsserver"
      },
      "engines": {
        "node": ">=14.17"
      }
    },
    "node_modules/undici-types": {
      "version": "6.19.8",
      "resolved": "https://registry.npmjs.org/undici-types/-/undici-types-6.19.8.tgz",
      "integrity": "sha512-ve2KP6f/JnbPBFyobGHuerC9g1FYGn/F8n1LWTwNxCEzd6IfqTwUQcNXgEtmmQ6DlRrC1hrSrBnCZPokRrDHjw==",
      "dev": true
    }
  }
}
