{
  "name": "@weborigami/neocities",
  "version": "0.0.19",
  "lockfileVersion": 3,
  "requires": true,
  "packages": {
    "": {
      "name": "@weborigami/neocities",
      "version": "0.0.19",
      "dependencies": {
        "@weborigami/async-tree": "0.7.1"
      }
    },
    "node_modules/@weborigami/async-tree": {
      "version": "0.7.1",
      "resolved": "https://registry.npmjs.org/@weborigami/async-tree/-/async-tree-0.7.1.tgz",
      "integrity": "sha512-4s2HqtDscM7Xru5XXyqmdorLE5VHwDVaX4DdhmA3hUYZgEsM0APIwsdJf7tOKYaT/0wochok2Qfg1M9o5ZceJg=="
    }
  }
}
